{
    "_meta": {
        "hash": {
            "sha256": "7fafaf1370309fd90e8ba803f0e46df1dadfc99fb7723aee1b0e29530c2a9758"
        },
        "pipfile-spec": 6,
        "requires": {
            "python_version": "3.4"
        },
        "sources": [
            {
                "name": "pypi",
                "url": "https://pypi.python.org/simple",
                "verify_ssl": true
            }
        ]
    },
    "default": {},
    "develop": {}
}
